
Microsoft Visual Studio Solution File, Format Version 12.00
# Visual Studio Version 16
VisualStudioVersion = 16.0.30413.136
MinimumVisualStudioVersion = 10.0.40219.1
Project("{FAE04EC0-301F-11D3-BF4B-00C04F79EFBC}") = "DotNetCoreWebApi", "DotNetCoreWebApi\DotNetCoreWebApi.csproj", "{40C057C6-13F0-4956-B21D-C1BC207519A2}"
EndProject
Project("{FAE04EC0-301F-11D3-BF4B-00C04F79EFBC}") = "DotNetCoreWebApiTests", "DotNetCoreWebApiTests\DotNetCoreWebApiTests.csproj", "{689C8ADE-A8AB-41F6-A520-037093F865BF}"
EndProject
Global
	GlobalSection(SolutionConfigurationPlatforms) = preSolution
		Debug|Any CPU = Debug|Any CPU
		Release|Any CPU = Release|Any CPU
	EndGlobalSection
	GlobalSection(ProjectConfigurationPlatforms) = postSolution
		{40C057C6-13F0-4956-B21D-C1BC207519A2}.Debug|Any CPU.ActiveCfg = Debug|Any CPU
		{40C057C6-13F0-4956-B21D-C1BC207519A2}.Debug|Any CPU.Build.0 = Debug|Any CPU
		{40C057C6-13F0-4956-B21D-C1BC207519A2}.Release|Any CPU.ActiveCfg = Release|Any CPU
		{40C057C6-13F0-4956-B21D-C1BC207519A2}.Release|Any CPU.Build.0 = Release|Any CPU
		{689C8ADE-A8AB-41F6-A520-037093F865BF}.Debug|Any CPU.ActiveCfg = Debug|Any CPU
		{689C8ADE-A8AB-41F6-A520-037093F865BF}.Debug|Any CPU.Build.0 = Debug|Any CPU
		{689C8ADE-A8AB-41F6-A520-037093F865BF}.Release|Any CPU.ActiveCfg = Release|Any CPU
		{689C8ADE-A8AB-41F6-A520-037093F865BF}.Release|Any CPU.Build.0 = Release|Any CPU
	EndGlobalSection
	GlobalSection(SolutionProperties) = preSolution
		HideSolutionNode = FALSE
	EndGlobalSection
	GlobalSection(ExtensibilityGlobals) = postSolution
		SolutionGuid = {7C635C6A-E91E-41E7-B732-8C8A4EF40A17}
	EndGlobalSection
EndGlobal
